
Microsoft Visual Studio Solution File, Format Version 12.00
# Visual Studio Version 17
VisualStudioVersion = 17.10.34928.147
MinimumVisualStudioVersion = 10.0.40219.1
Project("{FAE04EC0-301F-11D3-BF4B-00C04F79EFBC}") = "FinWebMvc", "FinWebMvc\FinWebMvc.csproj", "{66E98FFF-5A97-4472-97EE-AF3249F9E579}"
EndProject
Global
	GlobalSection(SolutionConfigurationPlatforms) = preSolution
		Debug|Any CPU = Debug|Any CPU
		Release|Any CPU = Release|Any CPU
	EndGlobalSection
	GlobalSection(ProjectConfigurationPlatforms) = postSolution
		{66E98FFF-5A97-4472-97EE-AF3249F9E579}.Debug|Any CPU.ActiveCfg = Debug|Any CPU
		{66E98FFF-5A97-4472-97EE-AF3249F9E579}.Debug|Any CPU.Build.0 = Debug|Any CPU
		{66E98FFF-5A97-4472-97EE-AF3249F9E579}.Release|Any CPU.ActiveCfg = Release|Any CPU
		{66E98FFF-5A97-4472-97EE-AF3249F9E579}.Release|Any CPU.Build.0 = Release|Any CPU
	EndGlobalSection
	GlobalSection(SolutionProperties) = preSolution
		HideSolutionNode = FALSE
	EndGlobalSection
	GlobalSection(ExtensibilityGlobals) = postSolution
		SolutionGuid = {B7484842-B699-4074-907D-9A68ABC40CDB}
	EndGlobalSection
EndGlobal
